{
  "name": "monarch-blade-mmorpg",
  "version": "2.4.1",
  "lockfileVersion": 3,
  "requires": true,
  "packages": {
    "": {
      "name": "monarch-blade-mmorpg",
      "version": "2.4.1",
      "dependencies": {
        "express": "^4.19.2",
        "socket.io": "^4.7.5",
        "pg": "^8.12.0"
      }
    }
  }
}
